{
  "version": 4,
  "terraform_version": "1.10.5",
  "serial": 199,
  "lineage": "4be33c3a-ad45-7bf8-6be0-e520b426b572",
  "outputs": {},
  "resources": [
    {
      "mode": "managed",
      "type": "docker_container",
      "name": "airflow",
      "provider": "provider[\"registry.terraform.io/kreuzwerker/docker\"]",
      "instances": [
        {
          "schema_version": 2,
          "attributes": {
            "attach": false,
            "bridge": "",
            "capabilities": [],
            "cgroupns_mode": null,
            "command": [
              "bash",
              "-c",
              "chmod +x /entrypoint.sh \u0026\u0026 /entrypoint.sh"
            ],
            "container_logs": null,
            "container_read_refresh_timeout_milliseconds": 15000,
            "cpu_set": "",
            "cpu_shares": 0,
            "destroy_grace_seconds": null,
            "devices": [],
            "dns": null,
            "dns_opts": null,
            "dns_search": null,
            "domainname": "",
            "entrypoint": [
              "/usr/bin/dumb-init",
              "--",
              "/entrypoint"
            ],
            "env": [
              "AIRFLOW__CORE__EXECUTOR=LocalExecutor",
              "AIRFLOW__DATABASE__SQL_ALCHEMY_CONN=postgresql+psycopg2://airflow:airflow@postgresql:5432/airflow_db"
            ],
            "exit_code": null,
            "gpus": null,
            "group_add": null,
            "healthcheck": null,
            "host": [],
            "hostname": "ad33ed79c0cf",
            "id": "ad33ed79c0cf67f47227e9e996116238d7837002be7172ba731f6819e4e0c700",
            "image": "sha256:da111d3dfd1806771773208fdecfacaac956b365cc224ac2dda1848fc32e0c79",
            "init": false,
            "ipc_mode": "private",
            "labels": [],
            "log_driver": "json-file",
            "log_opts": null,
            "logs": false,
            "max_retry_count": 0,
            "memory": 0,
            "memory_swap": 0,
            "mounts": [],
            "must_run": true,
            "name": "airflow",
            "network_data": [
              {
                "gateway": "172.18.0.1",
                "global_ipv6_address": "",
                "global_ipv6_prefix_length": 0,
                "ip_address": "172.18.0.3",
                "ip_prefix_length": 16,
                "ipv6_gateway": "",
                "mac_address": "7a:4f:0c:4e:f9:95",
                "network_name": "airflow-network"
              }
            ],
            "network_mode": "bridge",
            "networks_advanced": [
              {
                "aliases": [],
                "ipv4_address": "",
                "ipv6_address": "",
                "name": "airflow-network"
              }
            ],
            "pid_mode": "",
            "ports": [
              {
                "external": 8080,
                "internal": 8080,
                "ip": "0.0.0.0",
                "protocol": "tcp"
              }
            ],
            "privileged": false,
            "publish_all_ports": false,
            "read_only": false,
            "remove_volumes": true,
            "restart": "no",
            "rm": false,
            "runtime": "runc",
            "security_opts": [],
            "shm_size": 64,
            "start": true,
            "stdin_open": false,
            "stop_signal": "",
            "stop_timeout": 0,
            "storage_opts": null,
            "sysctls": null,
            "tmpfs": null,
            "tty": false,
            "ulimit": [],
            "upload": [],
            "user": "50000",
            "userns_mode": "",
            "volumes": [
              {
                "container_path": "/entrypoint.sh",
                "from_container": "",
                "host_path": "C:/Users/Piotr/Documents/github-repos/JobRecommender/scripts/airflow_entrypoint.sh",
                "read_only": null,
                "volume_name": ""
              },
              {
                "container_path": "/opt/airflow/dags",
                "from_container": "",
                "host_path": "C:/Users/Piotr/Documents/github-repos/JobRecommender/dags",
                "read_only": null,
                "volume_name": ""
              },
              {
                "container_path": "/opt/airflow/plugins/.env",
                "from_container": "",
                "host_path": "C:/Users/Piotr/Documents/github-repos/JobRecommender/.env",
                "read_only": null,
                "volume_name": ""
              },
              {
                "container_path": "/opt/airflow/plugins/logs",
                "from_container": "",
                "host_path": "C:/Users/Piotr/Documents/github-repos/JobRecommender/logs",
                "read_only": null,
                "volume_name": ""
              },
              {
                "container_path": "/opt/airflow/plugins/src",
                "from_container": "",
                "host_path": "C:/Users/Piotr/Documents/github-repos/JobRecommender/src",
                "read_only": null,
                "volume_name": ""
              },
              {
                "container_path": "/opt/airflow/requirements.txt",
                "from_container": "",
                "host_path": "C:/Users/Piotr/Documents/github-repos/JobRecommender/requirements.txt",
                "read_only": null,
                "volume_name": ""
              }
            ],
            "wait": false,
            "wait_timeout": 60,
            "working_dir": "/opt/airflow"
          },
          "sensitive_attributes": [],
          "private": "eyJzY2hlbWFfdmVyc2lvbiI6IjIifQ==",
          "dependencies": [
            "docker_container.postgresql",
            "docker_network.airflow_net"
          ]
        }
      ]
    },
    {
      "mode": "managed",
      "type": "docker_container",
      "name": "postgresql",
      "provider": "provider[\"registry.terraform.io/kreuzwerker/docker\"]",
      "instances": [
        {
          "schema_version": 2,
          "attributes": {
            "attach": false,
            "bridge": "",
            "capabilities": [],
            "cgroupns_mode": null,
            "command": [
              "postgres"
            ],
            "container_logs": null,
            "container_read_refresh_timeout_milliseconds": 15000,
            "cpu_set": "",
            "cpu_shares": 0,
            "destroy_grace_seconds": null,
            "devices": [],
            "dns": null,
            "dns_opts": null,
            "dns_search": null,
            "domainname": "",
            "entrypoint": [
              "docker-entrypoint.sh"
            ],
            "env": [
              "POSTGRES_PASSWORD=postgres",
              "POSTGRES_USER=postgres"
            ],
            "exit_code": null,
            "gpus": null,
            "group_add": null,
            "healthcheck": null,
            "host": [],
            "hostname": "e265e122bab6",
            "id": "e265e122bab6936c65efd78edd8fb82630d693b2b706f3ed9d2ecb9f2a4b22ed",
            "image": "sha256:b3a3b666dfb3a7dca6858ef90bad3557da4d4e1532c090f6fe6d4de76d98ab6f",
            "init": false,
            "ipc_mode": "private",
            "labels": [],
            "log_driver": "json-file",
            "log_opts": null,
            "logs": false,
            "max_retry_count": 0,
            "memory": 0,
            "memory_swap": 0,
            "mounts": [],
            "must_run": true,
            "name": "postgresql",
            "network_data": [
              {
                "gateway": "172.18.0.1",
                "global_ipv6_address": "",
                "global_ipv6_prefix_length": 0,
                "ip_address": "172.18.0.2",
                "ip_prefix_length": 16,
                "ipv6_gateway": "",
                "mac_address": "5e:b0:f4:6d:00:a6",
                "network_name": "airflow-network"
              }
            ],
            "network_mode": "bridge",
            "networks_advanced": [
              {
                "aliases": [],
                "ipv4_address": "",
                "ipv6_address": "",
                "name": "airflow-network"
              }
            ],
            "pid_mode": "",
            "ports": [
              {
                "external": 5432,
                "internal": 5432,
                "ip": "0.0.0.0",
                "protocol": "tcp"
              }
            ],
            "privileged": false,
            "publish_all_ports": false,
            "read_only": false,
            "remove_volumes": true,
            "restart": "no",
            "rm": false,
            "runtime": "runc",
            "security_opts": [],
            "shm_size": 64,
            "start": true,
            "stdin_open": false,
            "stop_signal": "SIGINT",
            "stop_timeout": 0,
            "storage_opts": null,
            "sysctls": null,
            "tmpfs": null,
            "tty": false,
            "ulimit": [],
            "upload": [],
            "user": "",
            "userns_mode": "",
            "volumes": [
              {
                "container_path": "/docker-entrypoint-initdb.d/init_db.sql",
                "from_container": "",
                "host_path": "C:/Users/Piotr/Documents/github-repos/JobRecommender/scripts/init_db.sql",
                "read_only": null,
                "volume_name": ""
              }
            ],
            "wait": false,
            "wait_timeout": 60,
            "working_dir": ""
          },
          "sensitive_attributes": [],
          "private": "eyJzY2hlbWFfdmVyc2lvbiI6IjIifQ==",
          "dependencies": [
            "docker_network.airflow_net"
          ]
        }
      ]
    },
    {
      "mode": "managed",
      "type": "docker_network",
      "name": "airflow_net",
      "provider": "provider[\"registry.terraform.io/kreuzwerker/docker\"]",
      "instances": [
        {
          "schema_version": 1,
          "attributes": {
            "attachable": false,
            "check_duplicate": null,
            "driver": "bridge",
            "id": "7326a578ecf281923f451269bd20b4f4d0627f51fa23037b456703a070e66835",
            "ingress": false,
            "internal": false,
            "ipam_config": [
              {
                "aux_address": {},
                "gateway": "172.18.0.1",
                "ip_range": "",
                "subnet": "172.18.0.0/16"
              }
            ],
            "ipam_driver": "default",
            "ipam_options": null,
            "ipv6": false,
            "labels": [],
            "name": "airflow-network",
            "options": {},
            "scope": "local"
          },
          "sensitive_attributes": [],
          "private": "eyJzY2hlbWFfdmVyc2lvbiI6IjEifQ=="
        }
      ]
    }
  ],
  "check_results": null
}
